
Microsoft Visual Studio Solution File, Format Version 12.00
Project("{FAE04EC0-301F-11D3-BF4B-00C04F79EFBC}") = "2024-Day1", "2024\Day1\Day1.csproj", "{F90C0FB4-206A-4F06-B544-7FAEC5CC9CFF}"
EndProject
Project("{FAE04EC0-301F-11D3-BF4B-00C04F79EFBC}") = "2024-Day2", "2024\Day2\Day2.csproj", "{9C586AA6-5CF4-4B49-B3B2-FC3DFFC13E41}"
EndProject
Project("{FAE04EC0-301F-11D3-BF4B-00C04F79EFBC}") = "2024-Day3", "2024\Day3\Day3.csproj", "{FA528E97-CE90-403B-92EB-3F37DF77C017}"
EndProject
Project("{FAE04EC0-301F-11D3-BF4B-00C04F79EFBC}") = "2024-Day4", "2024\Day4\Day4.csproj", "{9CAB1D14-3E44-4713-8B17-A7F126A6B9CD}"
EndProject
Project("{FAE04EC0-301F-11D3-BF4B-00C04F79EFBC}") = "2024-Day5", "2024\Day5\Day5.csproj", "{10ACF54D-F1C7-482F-9BE6-05766E8C460A}"
EndProject
Project("{FAE04EC0-301F-11D3-BF4B-00C04F79EFBC}") = "2024-Day6", "2024\Day6\Day6.csproj", "{D419BA66-8DD5-4F26-B8D0-329D3AF26FD8}"
EndProject
Project("{FAE04EC0-301F-11D3-BF4B-00C04F79EFBC}") = "2024-Day7", "2024\Day7\Day7.csproj", "{AA07E9C1-A15B-42F0-93D2-AB6E4C7AF2DF}"
EndProject
Project("{FAE04EC0-301F-11D3-BF4B-00C04F79EFBC}") = "2024-Day8", "2024\Day8\Day8.csproj", "{E79A6600-E2FD-4C04-9A45-29A89FBF65D4}"
EndProject
Project("{FAE04EC0-301F-11D3-BF4B-00C04F79EFBC}") = "2024-Day9", "2024\Day9\Day9.csproj", "{383A1627-12E2-4CDE-BB39-BEE41406F8C4}"
EndProject
Project("{FAE04EC0-301F-11D3-BF4B-00C04F79EFBC}") = "2024-Day10", "2024\Day10\Day10.csproj", "{80C5B8FF-E0A8-4001-83E9-E50DF9EF8467}"
EndProject
Project("{FAE04EC0-301F-11D3-BF4B-00C04F79EFBC}") = "2024-Day11", "2024\Day11\Day11.csproj", "{B007CCC2-8298-4DD5-A85D-FA080D826CE1}"
EndProject
Project("{FAE04EC0-301F-11D3-BF4B-00C04F79EFBC}") = "2024-Day12", "2024\Day12\Day12.csproj", "{5095989D-3EAB-4733-BE7E-9D3979EB9D6B}"
EndProject
Project("{FAE04EC0-301F-11D3-BF4B-00C04F79EFBC}") = "2024-Day13", "2024\Day13\Day13.csproj", "{62B7CE97-8411-4FA1-BF42-04BDCC9E8DC9}"
EndProject
Project("{FAE04EC0-301F-11D3-BF4B-00C04F79EFBC}") = "2024-Day14", "2024\Day14\Day14.csproj", "{D0EAE98E-32EC-4D16-89E3-B3F0E9568388}"
EndProject
Project("{FAE04EC0-301F-11D3-BF4B-00C04F79EFBC}") = "2024-Day15", "2024\Day15\Day15.csproj", "{447ABA3C-CDDD-42E6-B779-2DC6745667C7}"
EndProject
Project("{FAE04EC0-301F-11D3-BF4B-00C04F79EFBC}") = "2024-Day16", "2024\Day16\Day16.csproj", "{F257A962-DF4A-4FFE-BD7B-0D4EE44B9497}"
EndProject
Project("{FAE04EC0-301F-11D3-BF4B-00C04F79EFBC}") = "2024-Day17", "2024\Day17\Day17.csproj", "{21ED22D0-B1A5-43D2-96FB-459FB9AEF033}"
EndProject
Project("{FAE04EC0-301F-11D3-BF4B-00C04F79EFBC}") = "2024-Day18", "2024\Day18\Day18.csproj", "{BD62F26B-906E-4104-B8E4-5F2B4463C8A5}"
EndProject
Project("{FAE04EC0-301F-11D3-BF4B-00C04F79EFBC}") = "2024-Day19", "2024\Day19\Day19.csproj", "{CEF0C1BC-6E0D-4941-B16E-C0268596C0E5}"
EndProject
Project("{FAE04EC0-301F-11D3-BF4B-00C04F79EFBC}") = "2024-Day20", "2024\Day20\Day20.csproj", "{42245476-4E08-4C77-853E-4D046144C27B}"
EndProject
Project("{FAE04EC0-301F-11D3-BF4B-00C04F79EFBC}") = "2024-Day22", "2024\Day22\Day22.csproj", "{8274372C-DB68-467C-8860-099D3BA6BC41}"
EndProject
Project("{FAE04EC0-301F-11D3-BF4B-00C04F79EFBC}") = "2024-Day24", "2024\Day24\Day24.csproj", "{EA6E54F8-88CE-4DA4-8F49-5319B7081AC8}"
EndProject
Project("{FAE04EC0-301F-11D3-BF4B-00C04F79EFBC}") = "2024-Day23", "2024\Day23\Day23.csproj", "{D2C4ECDE-CDA7-43DC-8AB5-E5B7FE2CBAED}"
EndProject
Project("{FAE04EC0-301F-11D3-BF4B-00C04F79EFBC}") = "2024-Day25", "2024\Day25\Day25.csproj", "{4BA926E9-37E8-4EA1-A1FB-95D08E053D3F}"
EndProject
Project("{FAE04EC0-301F-11D3-BF4B-00C04F79EFBC}") = "2024-Day21", "2024\Day21\Day21.csproj", "{93266454-2524-434D-AFA5-847513B6EC2A}"
EndProject
Project("{2150E333-8FDC-42A3-9474-1A3956D46DE8}") = "2025", "2025", "{4D38571A-F366-4DB2-A696-E73003573694}"
EndProject
Project("{FAE04EC0-301F-11D3-BF4B-00C04F79EFBC}") = "Day1", "2025\Day1\Day1.csproj", "{D095F547-719C-43B8-83E2-31DCAC01207B}"
EndProject
Project("{2150E333-8FDC-42A3-9474-1A3956D46DE8}") = "2024", "2024", "{E96128B9-4435-4ACA-8FB9-5DF409C1C0E7}"
EndProject
Project("{FAE04EC0-301F-11D3-BF4B-00C04F79EFBC}") = "Day2", "2025\Day2\Day2.csproj", "{DC9141E0-3D51-4B2B-9A11-B4D9AD743FE8}"
EndProject
Project("{FAE04EC0-301F-11D3-BF4B-00C04F79EFBC}") = "Day3", "2025\Day3\Day3.csproj", "{8C697ABD-1D2D-4484-A8B1-4545154ED249}"
EndProject
Project("{FAE04EC0-301F-11D3-BF4B-00C04F79EFBC}") = "Day4", "2025\Day4\Day4.csproj", "{B1226721-0AF2-49F1-A943-1DE052E29AA3}"
EndProject
Global
	GlobalSection(SolutionConfigurationPlatforms) = preSolution
		Debug|Any CPU = Debug|Any CPU
		Release|Any CPU = Release|Any CPU
	EndGlobalSection
	GlobalSection(ProjectConfigurationPlatforms) = postSolution
		{F90C0FB4-206A-4F06-B544-7FAEC5CC9CFF}.Debug|Any CPU.ActiveCfg = Debug|Any CPU
		{F90C0FB4-206A-4F06-B544-7FAEC5CC9CFF}.Debug|Any CPU.Build.0 = Debug|Any CPU
		{F90C0FB4-206A-4F06-B544-7FAEC5CC9CFF}.Release|Any CPU.ActiveCfg = Release|Any CPU
		{F90C0FB4-206A-4F06-B544-7FAEC5CC9CFF}.Release|Any CPU.Build.0 = Release|Any CPU
		{9C586AA6-5CF4-4B49-B3B2-FC3DFFC13E41}.Debug|Any CPU.ActiveCfg = Debug|Any CPU
		{9C586AA6-5CF4-4B49-B3B2-FC3DFFC13E41}.Debug|Any CPU.Build.0 = Debug|Any CPU
		{9C586AA6-5CF4-4B49-B3B2-FC3DFFC13E41}.Release|Any CPU.ActiveCfg = Release|Any CPU
		{9C586AA6-5CF4-4B49-B3B2-FC3DFFC13E41}.Release|Any CPU.Build.0 = Release|Any CPU
		{FA528E97-CE90-403B-92EB-3F37DF77C017}.Debug|Any CPU.ActiveCfg = Debug|Any CPU
		{FA528E97-CE90-403B-92EB-3F37DF77C017}.Debug|Any CPU.Build.0 = Debug|Any CPU
		{FA528E97-CE90-403B-92EB-3F37DF77C017}.Release|Any CPU.ActiveCfg = Release|Any CPU
		{FA528E97-CE90-403B-92EB-3F37DF77C017}.Release|Any CPU.Build.0 = Release|Any CPU
		{9CAB1D14-3E44-4713-8B17-A7F126A6B9CD}.Debug|Any CPU.ActiveCfg = Debug|Any CPU
		{9CAB1D14-3E44-4713-8B17-A7F126A6B9CD}.Debug|Any CPU.Build.0 = Debug|Any CPU
		{9CAB1D14-3E44-4713-8B17-A7F126A6B9CD}.Release|Any CPU.ActiveCfg = Release|Any CPU
		{9CAB1D14-3E44-4713-8B17-A7F126A6B9CD}.Release|Any CPU.Build.0 = Release|Any CPU
		{10ACF54D-F1C7-482F-9BE6-05766E8C460A}.Debug|Any CPU.ActiveCfg = Debug|Any CPU
		{10ACF54D-F1C7-482F-9BE6-05766E8C460A}.Debug|Any CPU.Build.0 = Debug|Any CPU
		{10ACF54D-F1C7-482F-9BE6-05766E8C460A}.Release|Any CPU.ActiveCfg = Release|Any CPU
		{10ACF54D-F1C7-482F-9BE6-05766E8C460A}.Release|Any CPU.Build.0 = Release|Any CPU
		{D419BA66-8DD5-4F26-B8D0-329D3AF26FD8}.Debug|Any CPU.ActiveCfg = Debug|Any CPU
		{D419BA66-8DD5-4F26-B8D0-329D3AF26FD8}.Debug|Any CPU.Build.0 = Debug|Any CPU
		{D419BA66-8DD5-4F26-B8D0-329D3AF26FD8}.Release|Any CPU.ActiveCfg = Release|Any CPU
		{D419BA66-8DD5-4F26-B8D0-329D3AF26FD8}.Release|Any CPU.Build.0 = Release|Any CPU
		{AA07E9C1-A15B-42F0-93D2-AB6E4C7AF2DF}.Debug|Any CPU.ActiveCfg = Debug|Any CPU
		{AA07E9C1-A15B-42F0-93D2-AB6E4C7AF2DF}.Debug|Any CPU.Build.0 = Debug|Any CPU
		{AA07E9C1-A15B-42F0-93D2-AB6E4C7AF2DF}.Release|Any CPU.ActiveCfg = Release|Any CPU
		{AA07E9C1-A15B-42F0-93D2-AB6E4C7AF2DF}.Release|Any CPU.Build.0 = Release|Any CPU
		{E79A6600-E2FD-4C04-9A45-29A89FBF65D4}.Debug|Any CPU.ActiveCfg = Debug|Any CPU
		{E79A6600-E2FD-4C04-9A45-29A89FBF65D4}.Debug|Any CPU.Build.0 = Debug|Any CPU
		{E79A6600-E2FD-4C04-9A45-29A89FBF65D4}.Release|Any CPU.ActiveCfg = Release|Any CPU
		{E79A6600-E2FD-4C04-9A45-29A89FBF65D4}.Release|Any CPU.Build.0 = Release|Any CPU
		{383A1627-12E2-4CDE-BB39-BEE41406F8C4}.Debug|Any CPU.ActiveCfg = Debug|Any CPU
		{383A1627-12E2-4CDE-BB39-BEE41406F8C4}.Debug|Any CPU.Build.0 = Debug|Any CPU
		{383A1627-12E2-4CDE-BB39-BEE41406F8C4}.Release|Any CPU.ActiveCfg = Release|Any CPU
		{383A1627-12E2-4CDE-BB39-BEE41406F8C4}.Release|Any CPU.Build.0 = Release|Any CPU
		{80C5B8FF-E0A8-4001-83E9-E50DF9EF8467}.Debug|Any CPU.ActiveCfg = Debug|Any CPU
		{80C5B8FF-E0A8-4001-83E9-E50DF9EF8467}.Debug|Any CPU.Build.0 = Debug|Any CPU
		{80C5B8FF-E0A8-4001-83E9-E50DF9EF8467}.Release|Any CPU.ActiveCfg = Release|Any CPU
		{80C5B8FF-E0A8-4001-83E9-E50DF9EF8467}.Release|Any CPU.Build.0 = Release|Any CPU
		{B007CCC2-8298-4DD5-A85D-FA080D826CE1}.Debug|Any CPU.ActiveCfg = Debug|Any CPU
		{B007CCC2-8298-4DD5-A85D-FA080D826CE1}.Debug|Any CPU.Build.0 = Debug|Any CPU
		{B007CCC2-8298-4DD5-A85D-FA080D826CE1}.Release|Any CPU.ActiveCfg = Release|Any CPU
		{B007CCC2-8298-4DD5-A85D-FA080D826CE1}.Release|Any CPU.Build.0 = Release|Any CPU
		{5095989D-3EAB-4733-BE7E-9D3979EB9D6B}.Debug|Any CPU.ActiveCfg = Debug|Any CPU
		{5095989D-3EAB-4733-BE7E-9D3979EB9D6B}.Debug|Any CPU.Build.0 = Debug|Any CPU
		{5095989D-3EAB-4733-BE7E-9D3979EB9D6B}.Release|Any CPU.ActiveCfg = Release|Any CPU
		{5095989D-3EAB-4733-BE7E-9D3979EB9D6B}.Release|Any CPU.Build.0 = Release|Any CPU
		{62B7CE97-8411-4FA1-BF42-04BDCC9E8DC9}.Debug|Any CPU.ActiveCfg = Debug|Any CPU
		{62B7CE97-8411-4FA1-BF42-04BDCC9E8DC9}.Debug|Any CPU.Build.0 = Debug|Any CPU
		{62B7CE97-8411-4FA1-BF42-04BDCC9E8DC9}.Release|Any CPU.ActiveCfg = Release|Any CPU
		{62B7CE97-8411-4FA1-BF42-04BDCC9E8DC9}.Release|Any CPU.Build.0 = Release|Any CPU
		{D0EAE98E-32EC-4D16-89E3-B3F0E9568388}.Debug|Any CPU.ActiveCfg = Debug|Any CPU
		{D0EAE98E-32EC-4D16-89E3-B3F0E9568388}.Debug|Any CPU.Build.0 = Debug|Any CPU
		{D0EAE98E-32EC-4D16-89E3-B3F0E9568388}.Release|Any CPU.ActiveCfg = Release|Any CPU
		{D0EAE98E-32EC-4D16-89E3-B3F0E9568388}.Release|Any CPU.Build.0 = Release|Any CPU
		{447ABA3C-CDDD-42E6-B779-2DC6745667C7}.Debug|Any CPU.ActiveCfg = Debug|Any CPU
		{447ABA3C-CDDD-42E6-B779-2DC6745667C7}.Debug|Any CPU.Build.0 = Debug|Any CPU
		{447ABA3C-CDDD-42E6-B779-2DC6745667C7}.Release|Any CPU.ActiveCfg = Release|Any CPU
		{447ABA3C-CDDD-42E6-B779-2DC6745667C7}.Release|Any CPU.Build.0 = Release|Any CPU
		{F257A962-DF4A-4FFE-BD7B-0D4EE44B9497}.Debug|Any CPU.ActiveCfg = Debug|Any CPU
		{F257A962-DF4A-4FFE-BD7B-0D4EE44B9497}.Debug|Any CPU.Build.0 = Debug|Any CPU
		{F257A962-DF4A-4FFE-BD7B-0D4EE44B9497}.Release|Any CPU.ActiveCfg = Release|Any CPU
		{F257A962-DF4A-4FFE-BD7B-0D4EE44B9497}.Release|Any CPU.Build.0 = Release|Any CPU
		{21ED22D0-B1A5-43D2-96FB-459FB9AEF033}.Debug|Any CPU.ActiveCfg = Debug|Any CPU
		{21ED22D0-B1A5-43D2-96FB-459FB9AEF033}.Debug|Any CPU.Build.0 = Debug|Any CPU
		{21ED22D0-B1A5-43D2-96FB-459FB9AEF033}.Release|Any CPU.ActiveCfg = Release|Any CPU
		{21ED22D0-B1A5-43D2-96FB-459FB9AEF033}.Release|Any CPU.Build.0 = Release|Any CPU
		{BD62F26B-906E-4104-B8E4-5F2B4463C8A5}.Debug|Any CPU.ActiveCfg = Debug|Any CPU
		{BD62F26B-906E-4104-B8E4-5F2B4463C8A5}.Debug|Any CPU.Build.0 = Debug|Any CPU
		{BD62F26B-906E-4104-B8E4-5F2B4463C8A5}.Release|Any CPU.ActiveCfg = Release|Any CPU
		{BD62F26B-906E-4104-B8E4-5F2B4463C8A5}.Release|Any CPU.Build.0 = Release|Any CPU
		{CEF0C1BC-6E0D-4941-B16E-C0268596C0E5}.Debug|Any CPU.ActiveCfg = Debug|Any CPU
		{CEF0C1BC-6E0D-4941-B16E-C0268596C0E5}.Debug|Any CPU.Build.0 = Debug|Any CPU
		{CEF0C1BC-6E0D-4941-B16E-C0268596C0E5}.Release|Any CPU.ActiveCfg = Release|Any CPU
		{CEF0C1BC-6E0D-4941-B16E-C0268596C0E5}.Release|Any CPU.Build.0 = Release|Any CPU
		{42245476-4E08-4C77-853E-4D046144C27B}.Debug|Any CPU.ActiveCfg = Debug|Any CPU
		{42245476-4E08-4C77-853E-4D046144C27B}.Debug|Any CPU.Build.0 = Debug|Any CPU
		{42245476-4E08-4C77-853E-4D046144C27B}.Release|Any CPU.ActiveCfg = Release|Any CPU
		{42245476-4E08-4C77-853E-4D046144C27B}.Release|Any CPU.Build.0 = Release|Any CPU
		{8274372C-DB68-467C-8860-099D3BA6BC41}.Debug|Any CPU.ActiveCfg = Debug|Any CPU
		{8274372C-DB68-467C-8860-099D3BA6BC41}.Debug|Any CPU.Build.0 = Debug|Any CPU
		{8274372C-DB68-467C-8860-099D3BA6BC41}.Release|Any CPU.ActiveCfg = Release|Any CPU
		{8274372C-DB68-467C-8860-099D3BA6BC41}.Release|Any CPU.Build.0 = Release|Any CPU
		{EA6E54F8-88CE-4DA4-8F49-5319B7081AC8}.Debug|Any CPU.ActiveCfg = Debug|Any CPU
		{EA6E54F8-88CE-4DA4-8F49-5319B7081AC8}.Debug|Any CPU.Build.0 = Debug|Any CPU
		{EA6E54F8-88CE-4DA4-8F49-5319B7081AC8}.Release|Any CPU.ActiveCfg = Release|Any CPU
		{EA6E54F8-88CE-4DA4-8F49-5319B7081AC8}.Release|Any CPU.Build.0 = Release|Any CPU
		{D2C4ECDE-CDA7-43DC-8AB5-E5B7FE2CBAED}.Debug|Any CPU.ActiveCfg = Debug|Any CPU
		{D2C4ECDE-CDA7-43DC-8AB5-E5B7FE2CBAED}.Debug|Any CPU.Build.0 = Debug|Any CPU
		{D2C4ECDE-CDA7-43DC-8AB5-E5B7FE2CBAED}.Release|Any CPU.ActiveCfg = Release|Any CPU
		{D2C4ECDE-CDA7-43DC-8AB5-E5B7FE2CBAED}.Release|Any CPU.Build.0 = Release|Any CPU
		{4BA926E9-37E8-4EA1-A1FB-95D08E053D3F}.Debug|Any CPU.ActiveCfg = Debug|Any CPU
		{4BA926E9-37E8-4EA1-A1FB-95D08E053D3F}.Debug|Any CPU.Build.0 = Debug|Any CPU
		{4BA926E9-37E8-4EA1-A1FB-95D08E053D3F}.Release|Any CPU.ActiveCfg = Release|Any CPU
		{4BA926E9-37E8-4EA1-A1FB-95D08E053D3F}.Release|Any CPU.Build.0 = Release|Any CPU
		{93266454-2524-434D-AFA5-847513B6EC2A}.Debug|Any CPU.ActiveCfg = Debug|Any CPU
		{93266454-2524-434D-AFA5-847513B6EC2A}.Debug|Any CPU.Build.0 = Debug|Any CPU
		{93266454-2524-434D-AFA5-847513B6EC2A}.Release|Any CPU.ActiveCfg = Release|Any CPU
		{93266454-2524-434D-AFA5-847513B6EC2A}.Release|Any CPU.Build.0 = Release|Any CPU
		{D095F547-719C-43B8-83E2-31DCAC01207B}.Debug|Any CPU.ActiveCfg = Debug|Any CPU
		{D095F547-719C-43B8-83E2-31DCAC01207B}.Debug|Any CPU.Build.0 = Debug|Any CPU
		{D095F547-719C-43B8-83E2-31DCAC01207B}.Release|Any CPU.ActiveCfg = Release|Any CPU
		{D095F547-719C-43B8-83E2-31DCAC01207B}.Release|Any CPU.Build.0 = Release|Any CPU
		{DC9141E0-3D51-4B2B-9A11-B4D9AD743FE8}.Debug|Any CPU.ActiveCfg = Debug|Any CPU
		{DC9141E0-3D51-4B2B-9A11-B4D9AD743FE8}.Debug|Any CPU.Build.0 = Debug|Any CPU
		{DC9141E0-3D51-4B2B-9A11-B4D9AD743FE8}.Release|Any CPU.ActiveCfg = Release|Any CPU
		{DC9141E0-3D51-4B2B-9A11-B4D9AD743FE8}.Release|Any CPU.Build.0 = Release|Any CPU
		{8C697ABD-1D2D-4484-A8B1-4545154ED249}.Debug|Any CPU.ActiveCfg = Debug|Any CPU
		{8C697ABD-1D2D-4484-A8B1-4545154ED249}.Debug|Any CPU.Build.0 = Debug|Any CPU
		{8C697ABD-1D2D-4484-A8B1-4545154ED249}.Release|Any CPU.ActiveCfg = Release|Any CPU
		{8C697ABD-1D2D-4484-A8B1-4545154ED249}.Release|Any CPU.Build.0 = Release|Any CPU
		{B1226721-0AF2-49F1-A943-1DE052E29AA3}.Debug|Any CPU.ActiveCfg = Debug|Any CPU
		{B1226721-0AF2-49F1-A943-1DE052E29AA3}.Debug|Any CPU.Build.0 = Debug|Any CPU
		{B1226721-0AF2-49F1-A943-1DE052E29AA3}.Release|Any CPU.ActiveCfg = Release|Any CPU
		{B1226721-0AF2-49F1-A943-1DE052E29AA3}.Release|Any CPU.Build.0 = Release|Any CPU
	EndGlobalSection
	GlobalSection(NestedProjects) = preSolution
		{D095F547-719C-43B8-83E2-31DCAC01207B} = {4D38571A-F366-4DB2-A696-E73003573694}
		{F90C0FB4-206A-4F06-B544-7FAEC5CC9CFF} = {E96128B9-4435-4ACA-8FB9-5DF409C1C0E7}
		{9C586AA6-5CF4-4B49-B3B2-FC3DFFC13E41} = {E96128B9-4435-4ACA-8FB9-5DF409C1C0E7}
		{FA528E97-CE90-403B-92EB-3F37DF77C017} = {E96128B9-4435-4ACA-8FB9-5DF409C1C0E7}
		{9CAB1D14-3E44-4713-8B17-A7F126A6B9CD} = {E96128B9-4435-4ACA-8FB9-5DF409C1C0E7}
		{10ACF54D-F1C7-482F-9BE6-05766E8C460A} = {E96128B9-4435-4ACA-8FB9-5DF409C1C0E7}
		{D419BA66-8DD5-4F26-B8D0-329D3AF26FD8} = {E96128B9-4435-4ACA-8FB9-5DF409C1C0E7}
		{AA07E9C1-A15B-42F0-93D2-AB6E4C7AF2DF} = {E96128B9-4435-4ACA-8FB9-5DF409C1C0E7}
		{E79A6600-E2FD-4C04-9A45-29A89FBF65D4} = {E96128B9-4435-4ACA-8FB9-5DF409C1C0E7}
		{383A1627-12E2-4CDE-BB39-BEE41406F8C4} = {E96128B9-4435-4ACA-8FB9-5DF409C1C0E7}
		{80C5B8FF-E0A8-4001-83E9-E50DF9EF8467} = {E96128B9-4435-4ACA-8FB9-5DF409C1C0E7}
		{B007CCC2-8298-4DD5-A85D-FA080D826CE1} = {E96128B9-4435-4ACA-8FB9-5DF409C1C0E7}
		{5095989D-3EAB-4733-BE7E-9D3979EB9D6B} = {E96128B9-4435-4ACA-8FB9-5DF409C1C0E7}
		{62B7CE97-8411-4FA1-BF42-04BDCC9E8DC9} = {E96128B9-4435-4ACA-8FB9-5DF409C1C0E7}
		{D0EAE98E-32EC-4D16-89E3-B3F0E9568388} = {E96128B9-4435-4ACA-8FB9-5DF409C1C0E7}
		{447ABA3C-CDDD-42E6-B779-2DC6745667C7} = {E96128B9-4435-4ACA-8FB9-5DF409C1C0E7}
		{F257A962-DF4A-4FFE-BD7B-0D4EE44B9497} = {E96128B9-4435-4ACA-8FB9-5DF409C1C0E7}
		{21ED22D0-B1A5-43D2-96FB-459FB9AEF033} = {E96128B9-4435-4ACA-8FB9-5DF409C1C0E7}
		{BD62F26B-906E-4104-B8E4-5F2B4463C8A5} = {E96128B9-4435-4ACA-8FB9-5DF409C1C0E7}
		{CEF0C1BC-6E0D-4941-B16E-C0268596C0E5} = {E96128B9-4435-4ACA-8FB9-5DF409C1C0E7}
		{42245476-4E08-4C77-853E-4D046144C27B} = {E96128B9-4435-4ACA-8FB9-5DF409C1C0E7}
		{93266454-2524-434D-AFA5-847513B6EC2A} = {E96128B9-4435-4ACA-8FB9-5DF409C1C0E7}
		{8274372C-DB68-467C-8860-099D3BA6BC41} = {E96128B9-4435-4ACA-8FB9-5DF409C1C0E7}
		{D2C4ECDE-CDA7-43DC-8AB5-E5B7FE2CBAED} = {E96128B9-4435-4ACA-8FB9-5DF409C1C0E7}
		{EA6E54F8-88CE-4DA4-8F49-5319B7081AC8} = {E96128B9-4435-4ACA-8FB9-5DF409C1C0E7}
		{4BA926E9-37E8-4EA1-A1FB-95D08E053D3F} = {E96128B9-4435-4ACA-8FB9-5DF409C1C0E7}
		{DC9141E0-3D51-4B2B-9A11-B4D9AD743FE8} = {4D38571A-F366-4DB2-A696-E73003573694}
		{8C697ABD-1D2D-4484-A8B1-4545154ED249} = {4D38571A-F366-4DB2-A696-E73003573694}
		{B1226721-0AF2-49F1-A943-1DE052E29AA3} = {4D38571A-F366-4DB2-A696-E73003573694}
	EndGlobalSection
EndGlobal
